
Microsoft Visual Studio Solution File, Format Version 12.00
# Visual Studio Version 17
VisualStudioVersion = 17.14.37216.2 d17.14
MinimumVisualStudioVersion = 10.0.40219.1
Project("{FAE04EC0-301F-11D3-BF4B-00C04F79EFBC}") = "FinTrack", "FinTrack\FinTrack.csproj", "{E909C32D-F0B0-4D6F-BB70-372413BFE21D}"
EndProject
Project("{FAE04EC0-301F-11D3-BF4B-00C04F79EFBC}") = "FinTrack.Tests", "FinTrack.Tests\FinTrack.Tests.csproj", "{AAD7F81E-C41C-477D-8A3E-6E5388CECC1A}"
EndProject
Global
	GlobalSection(SolutionConfigurationPlatforms) = preSolution
		Debug|Any CPU = Debug|Any CPU
		Release|Any CPU = Release|Any CPU
	EndGlobalSection
	GlobalSection(ProjectConfigurationPlatforms) = postSolution
		{E909C32D-F0B0-4D6F-BB70-372413BFE21D}.Debug|Any CPU.ActiveCfg = Debug|Any CPU
		{E909C32D-F0B0-4D6F-BB70-372413BFE21D}.Debug|Any CPU.Build.0 = Debug|Any CPU
		{E909C32D-F0B0-4D6F-BB70-372413BFE21D}.Release|Any CPU.ActiveCfg = Release|Any CPU
		{E909C32D-F0B0-4D6F-BB70-372413BFE21D}.Release|Any CPU.Build.0 = Release|Any CPU
		{AAD7F81E-C41C-477D-8A3E-6E5388CECC1A}.Debug|Any CPU.ActiveCfg = Debug|Any CPU
		{AAD7F81E-C41C-477D-8A3E-6E5388CECC1A}.Debug|Any CPU.Build.0 = Debug|Any CPU
		{AAD7F81E-C41C-477D-8A3E-6E5388CECC1A}.Release|Any CPU.ActiveCfg = Release|Any CPU
		{AAD7F81E-C41C-477D-8A3E-6E5388CECC1A}.Release|Any CPU.Build.0 = Release|Any CPU
	EndGlobalSection
	GlobalSection(SolutionProperties) = preSolution
		HideSolutionNode = FALSE
	EndGlobalSection
	GlobalSection(ExtensibilityGlobals) = postSolution
		SolutionGuid = {170E7809-39C2-4829-A136-21A4C199178F}
	EndGlobalSection
EndGlobal
